
Microsoft Visual Studio Solution File, Format Version 12.00
Project("{FAE04EC0-301F-11D3-BF4B-00C04F79EFBC}") = "TariffComparisonApp.Tests", "TariffComparisonApp.Tests\TariffComparisonApp.Tests.csproj", "{DF91D167-D5C6-4886-AD13-529D4AC38028}"
EndProject
Project("{FAE04EC0-301F-11D3-BF4B-00C04F79EFBC}") = "TariffComparisonApp", "TariffComparisonApp\TariffComparisonApp.csproj", "{56EFCE1D-100F-4D6A-93D9-BF7C1ECDC141}"
EndProject
Global
	GlobalSection(SolutionConfigurationPlatforms) = preSolution
		Debug|Any CPU = Debug|Any CPU
		Release|Any CPU = Release|Any CPU
	EndGlobalSection
	GlobalSection(ProjectConfigurationPlatforms) = postSolution
		{DF91D167-D5C6-4886-AD13-529D4AC38028}.Debug|Any CPU.ActiveCfg = Debug|Any CPU
		{DF91D167-D5C6-4886-AD13-529D4AC38028}.Debug|Any CPU.Build.0 = Debug|Any CPU
		{DF91D167-D5C6-4886-AD13-529D4AC38028}.Release|Any CPU.ActiveCfg = Release|Any CPU
		{DF91D167-D5C6-4886-AD13-529D4AC38028}.Release|Any CPU.Build.0 = Release|Any CPU
		{56EFCE1D-100F-4D6A-93D9-BF7C1ECDC141}.Debug|Any CPU.ActiveCfg = Debug|Any CPU
		{56EFCE1D-100F-4D6A-93D9-BF7C1ECDC141}.Debug|Any CPU.Build.0 = Debug|Any CPU
		{56EFCE1D-100F-4D6A-93D9-BF7C1ECDC141}.Release|Any CPU.ActiveCfg = Release|Any CPU
		{56EFCE1D-100F-4D6A-93D9-BF7C1ECDC141}.Release|Any CPU.Build.0 = Release|Any CPU
	EndGlobalSection
EndGlobal
